
Microsoft Visual Studio Solution File, Format Version 12.00
# Visual Studio Version 16
VisualStudioVersion = 16.0.29306.81
MinimumVisualStudioVersion = 10.0.40219.1
Project("{FAE04EC0-301F-11D3-BF4B-00C04F79EFBC}") = "Kehyeedra3", "Kehyeedra3\Kehyeedra3.csproj", "{637EE6EF-12BF-4D99-B741-6D9C39719C8D}"
EndProject
Global
	GlobalSection(SolutionConfigurationPlatforms) = preSolution
		Debug|Any CPU = Debug|Any CPU
		Release|Any CPU = Release|Any CPU
	EndGlobalSection
	GlobalSection(ProjectConfigurationPlatforms) = postSolution
		{637EE6EF-12BF-4D99-B741-6D9C39719C8D}.Debug|Any CPU.ActiveCfg = Debug|Any CPU
		{637EE6EF-12BF-4D99-B741-6D9C39719C8D}.Debug|Any CPU.Build.0 = Debug|Any CPU
		{637EE6EF-12BF-4D99-B741-6D9C39719C8D}.Release|Any CPU.ActiveCfg = Release|Any CPU
		{637EE6EF-12BF-4D99-B741-6D9C39719C8D}.Release|Any CPU.Build.0 = Release|Any CPU
	EndGlobalSection
	GlobalSection(SolutionProperties) = preSolution
		HideSolutionNode = FALSE
	EndGlobalSection
	GlobalSection(ExtensibilityGlobals) = postSolution
		SolutionGuid = {ED8812DF-8AD4-4E88-8AE3-3C6826EC5E96}
	EndGlobalSection
EndGlobal
